
Microsoft Visual Studio Solution File, Format Version 12.00
# Visual Studio Version 16
VisualStudioVersion = 16.0.33027.164
MinimumVisualStudioVersion = 10.0.40219.1
Project("{9A19103F-16F7-4668-BE54-9A1E7A4F7556}") = "BulkyBookweb", "BulkyBookweb\BulkyBookweb.csproj", "{B770FC05-E4AF-4104-9FE0-D20B2588F4B9}"
EndProject
Global
	GlobalSection(SolutionConfigurationPlatforms) = preSolution
		Debug|Any CPU = Debug|Any CPU
		Release|Any CPU = Release|Any CPU
	EndGlobalSection
	GlobalSection(ProjectConfigurationPlatforms) = postSolution
		{B770FC05-E4AF-4104-9FE0-D20B2588F4B9}.Debug|Any CPU.ActiveCfg = Debug|Any CPU
		{B770FC05-E4AF-4104-9FE0-D20B2588F4B9}.Debug|Any CPU.Build.0 = Debug|Any CPU
		{B770FC05-E4AF-4104-9FE0-D20B2588F4B9}.Release|Any CPU.ActiveCfg = Release|Any CPU
		{B770FC05-E4AF-4104-9FE0-D20B2588F4B9}.Release|Any CPU.Build.0 = Release|Any CPU
	EndGlobalSection
	GlobalSection(SolutionProperties) = preSolution
		HideSolutionNode = FALSE
	EndGlobalSection
	GlobalSection(ExtensibilityGlobals) = postSolution
		SolutionGuid = {A4B39E97-FF77-4BDA-802F-2C517BA39425}
	EndGlobalSection
EndGlobal
